// !$*UTF8*$!
{
	archiveVersion = 1;
	classes = {
	};
	objectVersion = 56;
	objects = {

/* Begin PBXBuildFile section */
		186D62EC2BE7923600E701DB /* AppDelegate.swift in Sources */ = {isa = PBXBuildFile; fileRef = 186D62EB2BE7923600E701DB /* AppDelegate.swift */; };
		186D62EE2BE7923600E701DB /* SceneDelegate.swift in Sources */ = {isa = PBXBuildFile; fileRef = 186D62ED2BE7923600E701DB /* SceneDelegate.swift */; };
		186D62F02BE7923600E701DB /* ViewController.swift in Sources */ = {isa = PBXBuildFile; fileRef = 186D62EF2BE7923600E701DB /* ViewController.swift */; };
		186D62F32BE7923600E701DB /* Base in Resources */ = {isa = PBXBuildFile; fileRef = 186D62F22BE7923600E701DB /* Base */; };
		186D62F52BE7923900E701DB /* Assets.xcassets in Resources */ = {isa = PBXBuildFile; fileRef = 186D62F42BE7923900E701DB /* Assets.xcassets */; };
		186D62F82BE7923900E701DB /* Base in Resources */ = {isa = PBXBuildFile; fileRef = 186D62F72BE7923900E701DB /* Base */; };
		186D63002BE796F600E701DB /* book.json in Resources */ = {isa = PBXBuildFile; fileRef = 186D62FF2BE796F600E701DB /* book.json */; };
		186D63022BE7971300E701DB /* Book.swift in Sources */ = {isa = PBXBuildFile; fileRef = 186D63012BE7971300E701DB /* Book.swift */; };
		186D63042BE79E9700E701DB /* PostsData.swift in Sources */ = {isa = PBXBuildFile; fileRef = 186D63032BE79E9700E701DB /* PostsData.swift */; };
		186D63062BE7A03300E701DB /* PostsTableViewController.swift in Sources */ = {isa = PBXBuildFile; fileRef = 186D63052BE7A03300E701DB /* PostsTableViewController.swift */; };
/* End PBXBuildFile section */

/* Begin PBXFileReference section */
		186D62E82BE7923600E701DB /* AccessingDataFromAPI.app */ = {isa = PBXFileReference; explicitFileType = wrapper.application; includeInIndex = 0; path = AccessingDataFromAPI.app; sourceTree = BUILT_PRODUCTS_DIR; };
		186D62EB2BE7923600E701DB /* AppDelegate.swift */ = {isa = PBXFileReference; lastKnownFileType = sourcecode.swift; path = AppDelegate.swift; sourceTree = "<group>"; };
		186D62ED2BE7923600E701DB /* SceneDelegate.swift */ = {isa = PBXFileReference; lastKnownFileType = sourcecode.swift; path = SceneDelegate.swift; sourceTree = "<group>"; };
		186D62EF2BE7923600E701DB /* ViewController.swift */ = {isa = PBXFileReference; lastKnownFileType = sourcecode.swift; path = ViewController.swift; sourceTree = "<group>"; };
		186D62F22BE7923600E701DB /* Base */ = {isa = PBXFileReference; lastKnownFileType = file.storyboard; name = Base; path = Base.lproj/Main.storyboard; sourceTree = "<group>"; };
		186D62F42BE7923900E701DB /* Assets.xcassets */ = {isa = PBXFileReference; lastKnownFileType = folder.assetcatalog; path = Assets.xcassets; sourceTree = "<group>"; };
		186D62F72BE7923900E701DB /* Base */ = {isa = PBXFileReference; lastKnownFileType = file.storyboard; name = Base; path = Base.lproj/LaunchScreen.storyboard; sourceTree = "<group>"; };
		186D62F92BE7923900E701DB /* Info.plist */ = {isa = PBXFileReference; lastKnownFileType = text.plist.xml; path = Info.plist; sourceTree = "<group>"; };
		186D62FF2BE796F600E701DB /* book.json */ = {isa = PBXFileReference; fileEncoding = 4; lastKnownFileType = text.json; name = book.json; path = ../../../book.json; sourceTree = "<group>"; };
		186D63012BE7971300E701DB /* Book.swift */ = {isa = PBXFileReference; lastKnownFileType = sourcecode.swift; path = Book.swift; sourceTree = "<group>"; };
		186D63032BE79E9700E701DB /* PostsData.swift */ = {isa = PBXFileReference; lastKnownFileType = sourcecode.swift; path = PostsData.swift; sourceTree = "<group>"; };
		186D63052BE7A03300E701DB /* PostsTableViewController.swift */ = {isa = PBXFileReference; lastKnownFileType = sourcecode.swift; path = PostsTableViewController.swift; sourceTree = "<group>"; };
/* End PBXFileReference section */

/* Begin PBXFrameworksBuildPhase section */
		186D62E52BE7923600E701DB /* Frameworks */ = {
			isa = PBXFrameworksBuildPhase;
			buildActionMask = 2147483647;
			files = (
			);
			runOnlyForDeploymentPostprocessing = 0;
		};
/* End PBXFrameworksBuildPhase section */

/* Begin PBXGroup section */
		186D62DF2BE7923600E701DB = {
			isa = PBXGroup;
			children = (
				186D62EA2BE7923600E701DB /* AccessingDataFromAPI */,
				186D62E92BE7923600E701DB /* Products */,
			);
			sourceTree = "<group>";
		};
		186D62E92BE7923600E701DB /* Products */ = {
			isa = PBXGroup;
			children = (
				186D62E82BE7923600E701DB /* AccessingDataFromAPI.app */,
			);
			name = Products;
			sourceTree = "<group>";
		};
		186D62EA2BE7923600E701DB /* AccessingDataFromAPI */ = {
			isa = PBXGroup;
			children = (
				186D62EB2BE7923600E701DB /* AppDelegate.swift */,
				186D62ED2BE7923600E701DB /* SceneDelegate.swift */,
				186D62EF2BE7923600E701DB /* ViewController.swift */,
				186D63052BE7A03300E701DB /* PostsTableViewController.swift */,
				186D63012BE7971300E701DB /* Book.swift */,
				186D63032BE79E9700E701DB /* PostsData.swift */,
				186D62F12BE7923600E701DB /* Main.storyboard */,
				186D62F42BE7923900E701DB /* Assets.xcassets */,
				186D62F62BE7923900E701DB /* LaunchScreen.storyboard */,
				186D62F92BE7923900E701DB /* Info.plist */,
				186D62FF2BE796F600E701DB /* book.json */,
			);
			path = AccessingDataFromAPI;
			sourceTree = "<group>";
		};
/* End PBXGroup section */

/* Begin PBXNativeTarget section */
		186D62E72BE7923600E701DB /* AccessingDataFromAPI */ = {
			isa = PBXNativeTarget;
			buildConfigurationList = 186D62FC2BE7923900E701DB /* Build configuration list for PBXNativeTarget "AccessingDataFromAPI" */;
			buildPhases = (
				186D62E42BE7923600E701DB /* Sources */,
				186D62E52BE7923600E701DB /* Frameworks */,
				186D62E62BE7923600E701DB /* Resources */,
			);
			buildRules = (
			);
			dependencies = (
			);
			name = AccessingDataFromAPI;
			productName = AccessingDataFromAPI;
			productReference = 186D62E82BE7923600E701DB /* AccessingDataFromAPI.app */;
			productType = "com.apple.product-type.application";
		};
/* End PBXNativeTarget section */

/* Begin PBXProject section */
		186D62E02BE7923600E701DB /* Project object */ = {
			isa = PBXProject;
			attributes = {
				BuildIndependentTargetsInParallel = 1;
				LastSwiftUpdateCheck = 1530;
				LastUpgradeCheck = 1530;
				TargetAttributes = {
					186D62E72BE7923600E701DB = {
						CreatedOnToolsVersion = 15.3;
					};
				};
			};
			buildConfigurationList = 186D62E32BE7923600E701DB /* Build configuration list for PBXProject "AccessingDataFromAPI" */;
			compatibilityVersion = "Xcode 14.0";
			developmentRegion = en;
			hasScannedForEncodings = 0;
			knownRegions = (
				en,
				Base,
			);
			mainGroup = 186D62DF2BE7923600E701DB;
			productRefGroup = 186D62E92BE7923600E701DB /* Products */;
			projectDirPath = "";
			projectRoot = "";
			targets = (
				186D62E72BE7923600E701DB /* AccessingDataFromAPI */,
			);
		};
/* End PBXProject section */

/* Begin PBXResourcesBuildPhase section */
		186D62E62BE7923600E701DB /* Resources */ = {
			isa = PBXResourcesBuildPhase;
			buildActionMask = 2147483647;
			files = (
				186D63002BE796F600E701DB /* book.json in Resources */,
				186D62F52BE7923900E701DB /* Assets.xcassets in Resources */,
				186D62F82BE7923900E701DB /* Base in Resources */,
				186D62F32BE7923600E701DB /* Base in Resources */,
			);
			runOnlyForDeploymentPostprocessing = 0;
		};
/* End PBXResourcesBuildPhase section */

/* Begin PBXSourcesBuildPhase section */
		186D62E42BE7923600E701DB /* Sources */ = {
			isa = PBXSourcesBuildPhase;
			buildActionMask = 2147483647;
			files = (
				186D63042BE79E9700E701DB /* PostsData.swift in Sources */,
				186D63062BE7A03300E701DB /* PostsTableViewController.swift in Sources */,
				186D63022BE7971300E701DB /* Book.swift in Sources */,
				186D62F02BE7923600E701DB /* ViewController.swift in Sources */,
				186D62EC2BE7923600E701DB /* AppDelegate.swift in Sources */,
				186D62EE2BE7923600E701DB /* SceneDelegate.swift in Sources */,
			);
			runOnlyForDeploymentPostprocessing = 0;
		};
/* End PBXSourcesBuildPhase section */

/* Begin PBXVariantGroup section */
		186D62F12BE7923600E701DB /* Main.storyboard */ = {
			isa = PBXVariantGroup;
			children = (
				186D62F22BE7923600E701DB /* Base */,
			);
			name = Main.storyboard;
			sourceTree = "<group>";
		};
		186D62F62BE7923900E701DB /* LaunchScreen.storyboard */ = {
			isa = PBXVariantGroup;
			children = (
				186D62F72BE7923900E701DB /* Base */,
			);
			name = LaunchScreen.storyboard;
			sourceTree = "<group>";
		};
/* End PBXVariantGroup section */

/* Begin XCBuildConfiguration section */
		186D62FA2BE7923900E701DB /* Debug */ = {
			isa = XCBuildConfiguration;
			buildSettings = {
				ALWAYS_SEARCH_USER_PATHS = NO;
				ASSETCATALOG_COMPILER_GENERATE_SWIFT_ASSET_SYMBOL_EXTENSIONS = YES;
				CLANG_ANALYZER_NONNULL = YES;
				CLANG_ANALYZER_NUMBER_OBJECT_CONVERSION = YES_AGGRESSIVE;
				CLANG_CXX_LANGUAGE_STANDARD = "gnu++20";
				CLANG_ENABLE_MODULES = YES;
				CLANG_ENABLE_OBJC_ARC = YES;
				CLANG_ENABLE_OBJC_WEAK = YES;
				CLANG_WARN_BLOCK_CAPTURE_AUTORELEASING = YES;
				CLANG_WARN_BOOL_CONVERSION = YES;
				CLANG_WARN_COMMA = YES;
				CLANG_WARN_CONSTANT_CONVERSION = YES;
				CLANG_WARN_DEPRECATED_OBJC_IMPLEMENTATIONS = YES;
				CLANG_WARN_DIRECT_OBJC_ISA_USAGE = YES_ERROR;
				CLANG_WARN_DOCUMENTATION_COMMENTS = YES;
				CLANG_WARN_EMPTY_BODY = YES;
				CLANG_WARN_ENUM_CONVERSION = YES;
				CLANG_WARN_INFINITE_RECURSION = YES;
				CLANG_WARN_INT_CONVERSION = YES;
				CLANG_WARN_NON_LITERAL_NULL_CONVERSION = YES;
				CLANG_WARN_OBJC_IMPLICIT_RETAIN_SELF = YES;
				CLANG_WARN_OBJC_LITERAL_CONVERSION = YES;
				CLANG_WARN_OBJC_ROOT_CLASS = YES_ERROR;
				CLANG_WARN_QUOTED_INCLUDE_IN_FRAMEWORK_HEADER = YES;
				CLANG_WARN_RANGE_LOOP_ANALYSIS = YES;
				CLANG_WARN_STRICT_PROTOTYPES = YES;
				CLANG_WARN_SUSPICIOUS_MOVE = YES;
				CLANG_WARN_UNGUARDED_AVAILABILITY = YES_AGGRESSIVE;
				CLANG_WARN_UNREACHABLE_CODE = YES;
				CLANG_WARN__DUPLICATE_METHOD_MATCH = YES;
				COPY_PHASE_STRIP = NO;
				DEBUG_INFORMATION_FORMAT = dwarf;
				ENABLE_STRICT_OBJC_MSGSEND = YES;
				ENABLE_TESTABILITY = YES;
				ENABLE_USER_SCRIPT_SANDBOXING = YES;
				GCC_C_LANGUAGE_STANDARD = gnu17;
				GCC_DYNAMIC_NO_PIC = NO;
				GCC_NO_COMMON_BLOCKS = YES;
				GCC_OPTIMIZATION_LEVEL = 0;
				GCC_PREPROCESSOR_DEFINITIONS = (
					"DEBUG=1",
					"$(inherited)",
				);
				GCC_WARN_64_TO_32_BIT_CONVERSION = YES;
				GCC_WARN_ABOUT_RETURN_TYPE = YES_ERROR;
				GCC_WARN_UNDECLARED_SELECTOR = YES;
				GCC_WARN_UNINITIALIZED_AUTOS = YES_AGGRESSIVE;
				GCC_WARN_UNUSED_FUNCTION = YES;
				GCC_WARN_UNUSED_VARIABLE = YES;
				IPHONEOS_DEPLOYMENT_TARGET = 17.4;
				LOCALIZATION_PREFERS_STRING_CATALOGS = YES;
				MTL_ENABLE_DEBUG_INFO = INCLUDE_SOURCE;
				MTL_FAST_MATH = YES;
				ONLY_ACTIVE_ARCH = YES;
				SDKROOT = iphoneos;
				SWIFT_ACTIVE_COMPILATION_CONDITIONS = "DEBUG $(inherited)";
				SWIFT_OPTIMIZATION_LEVEL = "-Onone";
			};
			name = Debug;
		};
		186D62FB2BE7923900E701DB /* Release */ = {
			isa = XCBuildConfiguration;
			buildSettings = {
				ALWAYS_SEARCH_USER_PATHS = NO;
				ASSETCATALOG_COMPILER_GENERATE_SWIFT_ASSET_SYMBOL_EXTENSIONS = YES;
				CLANG_ANALYZER_NONNULL = YES;
				CLANG_ANALYZER_NUMBER_OBJECT_CONVERSION = YES_AGGRESSIVE;
				CLANG_CXX_LANGUAGE_STANDARD = "gnu++20";
				CLANG_ENABLE_MODULES = YES;
				CLANG_ENABLE_OBJC_ARC = YES;
				CLANG_ENABLE_OBJC_WEAK = YES;
				CLANG_WARN_BLOCK_CAPTURE_AUTORELEASING = YES;
				CLANG_WARN_BOOL_CONVERSION = YES;
				CLANG_WARN_COMMA = YES;
				CLANG_WARN_CONSTANT_CONVERSION = YES;
				CLANG_WARN_DEPRECATED_OBJC_IMPLEMENTATIONS = YES;
				CLANG_WARN_DIRECT_OBJC_ISA_USAGE = YES_ERROR;
				CLANG_WARN_DOCUMENTATION_COMMENTS = YES;
				CLANG_WARN_EMPTY_BODY = YES;
				CLANG_WARN_ENUM_CONVERSION = YES;
				CLANG_WARN_INFINITE_RECURSION = YES;
				CLANG_WARN_INT_CONVERSION = YES;
				CLANG_WARN_NON_LITERAL_NULL_CONVERSION = YES;
				CLANG_WARN_OBJC_IMPLICIT_RETAIN_SELF = YES;
				CLANG_WARN_OBJC_LITERAL_CONVERSION = YES;
				CLANG_WARN_OBJC_ROOT_CLASS = YES_ERROR;
				CLANG_WARN_QUOTED_INCLUDE_IN_FRAMEWORK_HEADER = YES;
				CLANG_WARN_RANGE_LOOP_ANALYSIS = YES;
				CLANG_WARN_STRICT_PROTOTYPES = YES;
				CLANG_WARN_SUSPICIOUS_MOVE = YES;
				CLANG_WARN_UNGUARDED_AVAILABILITY = YES_AGGRESSIVE;
				CLANG_WARN_UNREACHABLE_CODE = YES;
				CLANG_WARN__DUPLICATE_METHOD_MATCH = YES;
				COPY_PHASE_STRIP = NO;
				DEBUG_INFORMATION_FORMAT = "dwarf-with-dsym";
				ENABLE_NS_ASSERTIONS = NO;
				ENABLE_STRICT_OBJC_MSGSEND = YES;
				ENABLE_USER_SCRIPT_SANDBOXING = YES;
				GCC_C_LANGUAGE_STANDARD = gnu17;
				GCC_NO_COMMON_BLOCKS = YES;
				GCC_WARN_64_TO_32_BIT_CONVERSION = YES;
				GCC_WARN_ABOUT_RETURN_TYPE = YES_ERROR;
				GCC_WARN_UNDECLARED_SELECTOR = YES;
				GCC_WARN_UNINITIALIZED_AUTOS = YES_AGGRESSIVE;
				GCC_WARN_UNUSED_FUNCTION = YES;
				GCC_WARN_UNUSED_VARIABLE = YES;
				IPHONEOS_DEPLOYMENT_TARGET = 17.4;
				LOCALIZATION_PREFERS_STRING_CATALOGS = YES;
				MTL_ENABLE_DEBUG_INFO = NO;
				MTL_FAST_MATH = YES;
				SDKROOT = iphoneos;
				SWIFT_COMPILATION_MODE = wholemodule;
				VALIDATE_PRODUCT = YES;
			};
			name = Release;
		};
		186D62FD2BE7923900E701DB /* Debug */ = {
			isa = XCBuildConfiguration;
			buildSettings = {
				ASSETCATALOG_COMPILER_APPICON_NAME = AppIcon;
				ASSETCATALOG_COMPILER_GLOBAL_ACCENT_COLOR_NAME = AccentColor;
				CODE_SIGN_STYLE = Automatic;
				CURRENT_PROJECT_VERSION = 1;
				DEVELOPMENT_TEAM = 8Z922647CC;
				GENERATE_INFOPLIST_FILE = YES;
				INFOPLIST_FILE = AccessingDataFromAPI/Info.plist;
				INFOPLIST_KEY_UIApplicationSupportsIndirectInputEvents = YES;
				INFOPLIST_KEY_UILaunchStoryboardName = LaunchScreen;
				INFOPLIST_KEY_UIMainStoryboardFile = Main;
				INFOPLIST_KEY_UISupportedInterfaceOrientations_iPad = "UIInterfaceOrientationPortrait UIInterfaceOrientationPortraitUpsideDown UIInterfaceOrientationLandscapeLeft UIInterfaceOrientationLandscapeRight";
				INFOPLIST_KEY_UISupportedInterfaceOrientations_iPhone = "UIInterfaceOrientationPortrait UIInterfaceOrientationLandscapeLeft UIInterfaceOrientationLandscapeRight";
				LD_RUNPATH_SEARCH_PATHS = (
					"$(inherited)",
					"@executable_path/Frameworks",
				);
				MARKETING_VERSION = 1.0;
				PRODUCT_BUNDLE_IDENTIFIER = com.sumanthacademy.AccessingDataFromAPI;
				PRODUCT_NAME = "$(TARGET_NAME)";
				SWIFT_EMIT_LOC_STRINGS = YES;
				SWIFT_VERSION = 5.0;
				TARGETED_DEVICE_FAMILY = "1,2";
			};
			name = Debug;
		};
		186D62FE2BE7923900E701DB /* Release */ = {
			isa = XCBuildConfiguration;
			buildSettings = {
				ASSETCATALOG_COMPILER_APPICON_NAME = AppIcon;
				ASSETCATALOG_COMPILER_GLOBAL_ACCENT_COLOR_NAME = AccentColor;
				CODE_SIGN_STYLE = Automatic;
				CURRENT_PROJECT_VERSION = 1;
				DEVELOPMENT_TEAM = 8Z922647CC;
				GENERATE_INFOPLIST_FILE = YES;
				INFOPLIST_FILE = AccessingDataFromAPI/Info.plist;
				INFOPLIST_KEY_UIApplicationSupportsIndirectInputEvents = YES;
				INFOPLIST_KEY_UILaunchStoryboardName = LaunchScreen;
				INFOPLIST_KEY_UIMainStoryboardFile = Main;
				INFOPLIST_KEY_UISupportedInterfaceOrientations_iPad = "UIInterfaceOrientationPortrait UIInterfaceOrientationPortraitUpsideDown UIInterfaceOrientationLandscapeLeft UIInterfaceOrientationLandscapeRight";
				INFOPLIST_KEY_UISupportedInterfaceOrientations_iPhone = "UIInterfaceOrientationPortrait UIInterfaceOrientationLandscapeLeft UIInterfaceOrientationLandscapeRight";
				LD_RUNPATH_SEARCH_PATHS = (
					"$(inherited)",
					"@executable_path/Frameworks",
				);
				MARKETING_VERSION = 1.0;
				PRODUCT_BUNDLE_IDENTIFIER = com.sumanthacademy.AccessingDataFromAPI;
				PRODUCT_NAME = "$(TARGET_NAME)";
				SWIFT_EMIT_LOC_STRINGS = YES;
				SWIFT_VERSION = 5.0;
				TARGETED_DEVICE_FAMILY = "1,2";
			};
			name = Release;
		};
/* End XCBuildConfiguration section */

/* Begin XCConfigurationList section */
		186D62E32BE7923600E701DB /* Build configuration list for PBXProject "AccessingDataFromAPI" */ = {
			isa = XCConfigurationList;
			buildConfigurations = (
				186D62FA2BE7923900E701DB /* Debug */,
				186D62FB2BE7923900E701DB /* Release */,
			);
			defaultConfigurationIsVisible = 0;
			defaultConfigurationName = Release;
		};
		186D62FC2BE7923900E701DB /* Build configuration list for PBXNativeTarget "AccessingDataFromAPI" */ = {
			isa = XCConfigurationList;
			buildConfigurations = (
				186D62FD2BE7923900E701DB /* Debug */,
				186D62FE2BE7923900E701DB /* Release */,
			);
			defaultConfigurationIsVisible = 0;
			defaultConfigurationName = Release;
		};
/* End XCConfigurationList section */
	};
	rootObject = 186D62E02BE7923600E701DB /* Project object */;
}
